
Microsoft Visual Studio Solution File, Format Version 12.00
# Visual Studio 14
VisualStudioVersion = 14.0.24720.0
MinimumVisualStudioVersion = 10.0.40219.1
Project("{FAE04EC0-301F-11D3-BF4B-00C04F79EFBC}") = "Webmvc1", "Webmvc1\Webmvc1.csproj", "{CE8D3CB1-1A9C-4B0B-97A6-1FED973DAA87}"
EndProject
Project("{FAE04EC0-301F-11D3-BF4B-00C04F79EFBC}") = "Webmvc1.Tests", "Webmvc1.Tests\Webmvc1.Tests.csproj", "{B4AA09DE-6752-4C37-9DCD-EC1715ED281D}"
EndProject
Global
	GlobalSection(SolutionConfigurationPlatforms) = preSolution
		Debug|Any CPU = Debug|Any CPU
		Release|Any CPU = Release|Any CPU
	EndGlobalSection
	GlobalSection(ProjectConfigurationPlatforms) = postSolution
		{CE8D3CB1-1A9C-4B0B-97A6-1FED973DAA87}.Debug|Any CPU.ActiveCfg = Debug|Any CPU
		{CE8D3CB1-1A9C-4B0B-97A6-1FED973DAA87}.Debug|Any CPU.Build.0 = Debug|Any CPU
		{CE8D3CB1-1A9C-4B0B-97A6-1FED973DAA87}.Release|Any CPU.ActiveCfg = Release|Any CPU
		{CE8D3CB1-1A9C-4B0B-97A6-1FED973DAA87}.Release|Any CPU.Build.0 = Release|Any CPU
		{B4AA09DE-6752-4C37-9DCD-EC1715ED281D}.Debug|Any CPU.ActiveCfg = Debug|Any CPU
		{B4AA09DE-6752-4C37-9DCD-EC1715ED281D}.Debug|Any CPU.Build.0 = Debug|Any CPU
		{B4AA09DE-6752-4C37-9DCD-EC1715ED281D}.Release|Any CPU.ActiveCfg = Release|Any CPU
		{B4AA09DE-6752-4C37-9DCD-EC1715ED281D}.Release|Any CPU.Build.0 = Release|Any CPU
	EndGlobalSection
	GlobalSection(SolutionProperties) = preSolution
		HideSolutionNode = FALSE
	EndGlobalSection
EndGlobal
